
Microsoft Visual Studio Solution File, Format Version 12.00
# Visual Studio Version 17
VisualStudioVersion = 17.0.31919.166
MinimumVisualStudioVersion = 10.0.40219.1
Project("{FAE04EC0-301F-11D3-BF4B-00C04F79EFBC}") = "Bogdan Auto", "Bogdan Auto\Bogdan Auto.csproj", "{5CD3B076-2A45-4BA7-BA11-89DEA1E2308B}"
EndProject
Global
	GlobalSection(SolutionConfigurationPlatforms) = preSolution
		Debug|Any CPU = Debug|Any CPU
		Release|Any CPU = Release|Any CPU
	EndGlobalSection
	GlobalSection(ProjectConfigurationPlatforms) = postSolution
		{5CD3B076-2A45-4BA7-BA11-89DEA1E2308B}.Debug|Any CPU.ActiveCfg = Debug|Any CPU
		{5CD3B076-2A45-4BA7-BA11-89DEA1E2308B}.Debug|Any CPU.Build.0 = Debug|Any CPU
		{5CD3B076-2A45-4BA7-BA11-89DEA1E2308B}.Release|Any CPU.ActiveCfg = Release|Any CPU
		{5CD3B076-2A45-4BA7-BA11-89DEA1E2308B}.Release|Any CPU.Build.0 = Release|Any CPU
	EndGlobalSection
	GlobalSection(SolutionProperties) = preSolution
		HideSolutionNode = FALSE
	EndGlobalSection
	GlobalSection(ExtensibilityGlobals) = postSolution
		SolutionGuid = {03B508B2-09AA-465B-866B-81213DE81792}
	EndGlobalSection
EndGlobal
